<?xml version="1.0" encoding="UTF-8"?>
<!DOCTYPE plist PUBLIC "-//Apple//DTD PLIST 1.0//EN" "http://www.apple.com/DTDs/PropertyList-1.0.dtd">
<plist version="1.0">
<dict>
	<key>archiveVersion</key>
	<string>1</string>
	<key>classes</key>
	<dict/>
	<key>objectVersion</key>
	<string>46</string>
	<key>objects</key>
	<dict>
		<key>00070C609BB19FFB410BA43E</key>
		<dict>
			<key>children</key>
			<array>
				<string>2CA58CC63482032C56819E1C</string>
				<string>8B4D57B8051881D35A651FBE</string>
			</array>
			<key>isa</key>
			<string>PBXGroup</string>
			<key>name</key>
			<string>Pods</string>
			<key>sourceTree</key>
			<string>&lt;group&gt;</string>
		</dict>
		<key>0F9CF62F310238AF9DCF3B1C</key>
		<dict>
			<key>buildActionMask</key>
			<string>2147483647</string>
			<key>files</key>
			<array/>
			<key>inputPaths</key>
			<array/>
			<key>isa</key>
			<string>PBXShellScriptBuildPhase</string>
			<key>name</key>
			<string>Copy Pods Resources</string>
			<key>outputPaths</key>
			<array/>
			<key>runOnlyForDeploymentPostprocessing</key>
			<string>0</string>
			<key>shellPath</key>
			<string>/bin/sh</string>
			<key>shellScript</key>
			<string>"${SRCROOT}/Pods/Target Support Files/Pods/Pods-resources.sh"
</string>
			<key>showEnvVarsInLog</key>
			<string>0</string>
		</dict>
		<key>2CA58CC63482032C56819E1C</key>
		<dict>
			<key>includeInIndex</key>
			<string>1</string>
			<key>isa</key>
			<string>PBXFileReference</string>
			<key>lastKnownFileType</key>
			<string>text.xcconfig</string>
			<key>name</key>
			<string>Pods.debug.xcconfig</string>
			<key>path</key>
			<string>Pods/Target Support Files/Pods/Pods.debug.xcconfig</string>
			<key>sourceTree</key>
			<string>&lt;group&gt;</string>
		</dict>
		<key>49DCE0430AA46BC925BCC573</key>
		<dict>
			<key>fileRef</key>
			<string>E5F5CCC83A939711EFB94508</string>
			<key>isa</key>
			<string>PBXBuildFile</string>
		</dict>
		<key>641460D7D7083579CF8470CB</key>
		<dict>
			<key>buildActionMask</key>
			<string>2147483647</string>
			<key>files</key>
			<array/>
			<key>inputPaths</key>
			<array/>
			<key>isa</key>
			<string>PBXShellScriptBuildPhase</string>
			<key>name</key>
			<string>Embed Pods Frameworks</string>
			<key>outputPaths</key>
			<array/>
			<key>runOnlyForDeploymentPostprocessing</key>
			<string>0</string>
			<key>shellPath</key>
			<string>/bin/sh</string>
			<key>shellScript</key>
			<string>"${SRCROOT}/Pods/Target Support Files/Pods/Pods-frameworks.sh"
</string>
			<key>showEnvVarsInLog</key>
			<string>0</string>
		</dict>
		<key>66033B2C1CEAA115003894FD</key>
		<dict>
			<key>children</key>
			<array>
				<string>66033B2D1CEAA115003894FD</string>
				<string>66033B2E1CEAA115003894FD</string>
				<string>66033B2F1CEAA115003894FD</string>
			</array>
			<key>isa</key>
			<string>PBXGroup</string>
			<key>path</key>
			<string>Main</string>
			<key>sourceTree</key>
			<string>&lt;group&gt;</string>
		</dict>
		<key>66033B2D1CEAA115003894FD</key>
		<dict>
			<key>children</key>
			<array/>
			<key>isa</key>
			<string>PBXGroup</string>
			<key>path</key>
			<string>Model</string>
			<key>sourceTree</key>
			<string>&lt;group&gt;</string>
		</dict>
		<key>66033B2E1CEAA115003894FD</key>
		<dict>
			<key>children</key>
			<array>
				<string>66B748421CF4466000796A0E</string>
				<string>66B748431CF4466000796A0E</string>
				<string>66CA4B171CF68B2800B6BADB</string>
				<string>66CA4B181CF68B2800B6BADB</string>
			</array>
			<key>isa</key>
			<string>PBXGroup</string>
			<key>path</key>
			<string>View</string>
			<key>sourceTree</key>
			<string>&lt;group&gt;</string>
		</dict>
		<key>66033B2F1CEAA115003894FD</key>
		<dict>
			<key>children</key>
			<array>
				<string>66B748391CF3EC5400796A0E</string>
				<string>66B7483A1CF3EC5400796A0E</string>
				<string>66033B361CEAA26F003894FD</string>
				<string>66033B371CEAA26F003894FD</string>
			</array>
			<key>isa</key>
			<string>PBXGroup</string>
			<key>path</key>
			<string>ViewController</string>
			<key>sourceTree</key>
			<string>&lt;group&gt;</string>
		</dict>
		<key>66033B361CEAA26F003894FD</key>
		<dict>
			<key>fileEncoding</key>
			<string>4</string>
			<key>isa</key>
			<string>PBXFileReference</string>
			<key>lastKnownFileType</key>
			<string>sourcecode.c.h</string>
			<key>path</key>
			<string>MainViewController.h</string>
			<key>sourceTree</key>
			<string>&lt;group&gt;</string>
		</dict>
		<key>66033B371CEAA26F003894FD</key>
		<dict>
			<key>fileEncoding</key>
			<string>4</string>
			<key>isa</key>
			<string>PBXFileReference</string>
			<key>lastKnownFileType</key>
			<string>sourcecode.c.objc</string>
			<key>path</key>
			<string>MainViewController.m</string>
			<key>sourceTree</key>
			<string>&lt;group&gt;</string>
		</dict>
		<key>66033B381CEAA26F003894FD</key>
		<dict>
			<key>fileRef</key>
			<string>66033B371CEAA26F003894FD</string>
			<key>isa</key>
			<string>PBXBuildFile</string>
		</dict>
		<key>66033B391CEAA5CB003894FD</key>
		<dict>
			<key>fileEncoding</key>
			<string>4</string>
			<key>isa</key>
			<string>PBXFileReference</string>
			<key>lastKnownFileType</key>
			<string>sourcecode.c.h</string>
			<key>path</key>
			<string>test1ViewController.h</string>
			<key>sourceTree</key>
			<string>&lt;group&gt;</string>
		</dict>
		<key>66033B3A1CEAA5CB003894FD</key>
		<dict>
			<key>fileEncoding</key>
			<string>4</string>
			<key>isa</key>
			<string>PBXFileReference</string>
			<key>lastKnownFileType</key>
			<string>sourcecode.c.objc</string>
			<key>path</key>
			<string>test1ViewController.m</string>
			<key>sourceTree</key>
			<string>&lt;group&gt;</string>
		</dict>
		<key>66033B3B1CEAA5CB003894FD</key>
		<dict>
			<key>fileEncoding</key>
			<string>4</string>
			<key>isa</key>
			<string>PBXFileReference</string>
			<key>lastKnownFileType</key>
			<string>file.xib</string>
			<key>path</key>
			<string>test1ViewController.xib</string>
			<key>sourceTree</key>
			<string>&lt;group&gt;</string>
		</dict>
		<key>66033B3C1CEAA5CB003894FD</key>
		<dict>
			<key>fileRef</key>
			<string>66033B3A1CEAA5CB003894FD</string>
			<key>isa</key>
			<string>PBXBuildFile</string>
		</dict>
		<key>66033B3D1CEAA5CB003894FD</key>
		<dict>
			<key>fileRef</key>
			<string>66033B3B1CEAA5CB003894FD</string>
			<key>isa</key>
			<string>PBXBuildFile</string>
		</dict>
		<key>66033B3E1CEAC17D003894FD</key>
		<dict>
			<key>fileEncoding</key>
			<string>4</string>
			<key>isa</key>
			<string>PBXFileReference</string>
			<key>lastKnownFileType</key>
			<string>sourcecode.c.h</string>
			<key>path</key>
			<string>UIView+FrameExtension.h</string>
			<key>sourceTree</key>
			<string>&lt;group&gt;</string>
		</dict>
		<key>66033B3F1CEAC17D003894FD</key>
		<dict>
			<key>fileEncoding</key>
			<string>4</string>
			<key>isa</key>
			<string>PBXFileReference</string>
			<key>lastKnownFileType</key>
			<string>sourcecode.c.objc</string>
			<key>path</key>
			<string>UIView+FrameExtension.m</string>
			<key>sourceTree</key>
			<string>&lt;group&gt;</string>
		</dict>
		<key>66033B401CEAC17D003894FD</key>
		<dict>
			<key>fileRef</key>
			<string>66033B3F1CEAC17D003894FD</string>
			<key>isa</key>
			<string>PBXBuildFile</string>
		</dict>
		<key>66B748391CF3EC5400796A0E</key>
		<dict>
			<key>fileEncoding</key>
			<string>4</string>
			<key>isa</key>
			<string>PBXFileReference</string>
			<key>lastKnownFileType</key>
			<string>sourcecode.c.h</string>
			<key>name</key>
			<string>WSNavigationController.h</string>
			<key>path</key>
			<string>../../WSNavigationController.h</string>
			<key>sourceTree</key>
			<string>&lt;group&gt;</string>
		</dict>
		<key>66B7483A1CF3EC5400796A0E</key>
		<dict>
			<key>fileEncoding</key>
			<string>4</string>
			<key>isa</key>
			<string>PBXFileReference</string>
			<key>lastKnownFileType</key>
			<string>sourcecode.c.objc</string>
			<key>name</key>
			<string>WSNavigationController.m</string>
			<key>path</key>
			<string>../../WSNavigationController.m</string>
			<key>sourceTree</key>
			<string>&lt;group&gt;</string>
		</dict>
		<key>66B7483B1CF3EC5400796A0E</key>
		<dict>
			<key>fileRef</key>
			<string>66B7483A1CF3EC5400796A0E</string>
			<key>isa</key>
			<string>PBXBuildFile</string>
		</dict>
		<key>66B7483F1CF403D500796A0E</key>
		<dict>
			<key>fileEncoding</key>
			<string>4</string>
			<key>isa</key>
			<string>PBXFileReference</string>
			<key>lastKnownFileType</key>
			<string>sourcecode.c.h</string>
			<key>path</key>
			<string>UIBarButtonItem+navItem.h</string>
			<key>sourceTree</key>
			<string>&lt;group&gt;</string>
		</dict>
		<key>66B748401CF403D500796A0E</key>
		<dict>
			<key>fileEncoding</key>
			<string>4</string>
			<key>isa</key>
			<string>PBXFileReference</string>
			<key>lastKnownFileType</key>
			<string>sourcecode.c.objc</string>
			<key>path</key>
			<string>UIBarButtonItem+navItem.m</string>
			<key>sourceTree</key>
			<string>&lt;group&gt;</string>
		</dict>
		<key>66B748411CF403D500796A0E</key>
		<dict>
			<key>fileRef</key>
			<string>66B748401CF403D500796A0E</string>
			<key>isa</key>
			<string>PBXBuildFile</string>
		</dict>
		<key>66B748421CF4466000796A0E</key>
		<dict>
			<key>fileEncoding</key>
			<string>4</string>
			<key>isa</key>
			<string>PBXFileReference</string>
			<key>lastKnownFileType</key>
			<string>sourcecode.c.h</string>
			<key>name</key>
			<string>WSSearchBar.h</string>
			<key>path</key>
			<string>Weibo/Class/Scenes/Main/WSSearchBar.h</string>
			<key>sourceTree</key>
			<string>SOURCE_ROOT</string>
		</dict>
		<key>66B748431CF4466000796A0E</key>
		<dict>
			<key>fileEncoding</key>
			<string>4</string>
			<key>isa</key>
			<string>PBXFileReference</string>
			<key>lastKnownFileType</key>
			<string>sourcecode.c.objc</string>
			<key>name</key>
			<string>WSSearchBar.m</string>
			<key>path</key>
			<string>Weibo/Class/Scenes/Main/WSSearchBar.m</string>
			<key>sourceTree</key>
			<string>SOURCE_ROOT</string>
		</dict>
		<key>66B748441CF4466000796A0E</key>
		<dict>
			<key>fileRef</key>
			<string>66B748431CF4466000796A0E</string>
			<key>isa</key>
			<string>PBXBuildFile</string>
		</dict>
		<key>66C12A171CE95B20001D85FA</key>
		<dict>
			<key>children</key>
			<array>
				<string>66C12A221CE95B20001D85FA</string>
				<string>66C12A3C1CE95B20001D85FA</string>
				<string>66C12A471CE95B20001D85FA</string>
				<string>66C12A211CE95B20001D85FA</string>
				<string>00070C609BB19FFB410BA43E</string>
				<string>CF518E812D4ABCBA6C8CB38E</string>
			</array>
			<key>isa</key>
			<string>PBXGroup</string>
			<key>sourceTree</key>
			<string>&lt;group&gt;</string>
		</dict>
		<key>66C12A181CE95B20001D85FA</key>
		<dict>
			<key>attributes</key>
			<dict>
				<key>LastUpgradeCheck</key>
				<string>0730</string>
				<key>ORGANIZATIONNAME</key>
				<string>&#29579;&#38485;</string>
				<key>TargetAttributes</key>
				<dict>
					<key>66C12A1F1CE95B20001D85FA</key>
					<dict>
						<key>CreatedOnToolsVersion</key>
						<string>7.3</string>
					</dict>
					<key>66C12A381CE95B20001D85FA</key>
					<dict>
						<key>CreatedOnToolsVersion</key>
						<string>7.3</string>
						<key>TestTargetID</key>
						<string>66C12A1F1CE95B20001D85FA</string>
					</dict>
					<key>66C12A431CE95B20001D85FA</key>
					<dict>
						<key>CreatedOnToolsVersion</key>
						<string>7.3</string>
						<key>TestTargetID</key>
						<string>66C12A1F1CE95B20001D85FA</string>
					</dict>
				</dict>
			</dict>
			<key>buildConfigurationList</key>
			<string>66C12A1B1CE95B20001D85FA</string>
			<key>compatibilityVersion</key>
			<string>Xcode 3.2</string>
			<key>developmentRegion</key>
			<string>English</string>
			<key>hasScannedForEncodings</key>
			<string>0</string>
			<key>isa</key>
			<string>PBXProject</string>
			<key>knownRegions</key>
			<array>
				<string>en</string>
				<string>Base</string>
			</array>
			<key>mainGroup</key>
			<string>66C12A171CE95B20001D85FA</string>
			<key>productRefGroup</key>
			<string>66C12A211CE95B20001D85FA</string>
			<key>projectDirPath</key>
			<string></string>
			<key>projectReferences</key>
			<array/>
			<key>projectRoot</key>
			<string></string>
			<key>targets</key>
			<array>
				<string>66C12A1F1CE95B20001D85FA</string>
				<string>66C12A381CE95B20001D85FA</string>
				<string>66C12A431CE95B20001D85FA</string>
			</array>
		</dict>
		<key>66C12A1B1CE95B20001D85FA</key>
		<dict>
			<key>buildConfigurations</key>
			<array>
				<string>66C12A4B1CE95B20001D85FA</string>
				<string>66C12A4C1CE95B20001D85FA</string>
			</array>
			<key>defaultConfigurationIsVisible</key>
			<string>0</string>
			<key>defaultConfigurationName</key>
			<string>Release</string>
			<key>isa</key>
			<string>XCConfigurationList</string>
		</dict>
		<key>66C12A1C1CE95B20001D85FA</key>
		<dict>
			<key>buildActionMask</key>
			<string>2147483647</string>
			<key>files</key>
			<array>
				<string>66033B3C1CEAA5CB003894FD</string>
				<string>66CA4B231CF6F2F100B6BADB</string>
				<string>66B7483B1CF3EC5400796A0E</string>
				<string>66C12A851CE96725001D85FA</string>
				<string>66B748411CF403D500796A0E</string>
				<string>66C30C341CF57B4E007D9DBD</string>
				<string>66C12A821CE96714001D85FA</string>
				<string>66CA4B1E1CF6C6A700B6BADB</string>
				<string>66C12A251CE95B20001D85FA</string>
				<string>66C12A881CE96739001D85FA</string>
				<string>66033B381CEAA26F003894FD</string>
				<string>66C12A661CE95E49001D85FA</string>
				<string>66C30C2E1CF533A1007D9DBD</string>
				<string>66B748441CF4466000796A0E</string>
				<string>66CA4B191CF68B2800B6BADB</string>
				<string>66033B401CEAC17D003894FD</string>
				<string>66C12A7F1CE966F8001D85FA</string>
			</array>
			<key>isa</key>
			<string>PBXSourcesBuildPhase</string>
			<key>runOnlyForDeploymentPostprocessing</key>
			<string>0</string>
		</dict>
		<key>66C12A1D1CE95B20001D85FA</key>
		<dict>
			<key>buildActionMask</key>
			<string>2147483647</string>
			<key>files</key>
			<array>
				<string>49DCE0430AA46BC925BCC573</string>
			</array>
			<key>isa</key>
			<string>PBXFrameworksBuildPhase</string>
			<key>runOnlyForDeploymentPostprocessing</key>
			<string>0</string>
		</dict>
		<key>66C12A1E1CE95B20001D85FA</key>
		<dict>
			<key>buildActionMask</key>
			<string>2147483647</string>
			<key>files</key>
			<array>
				<string>66033B3D1CEAA5CB003894FD</string>
				<string>66C12A681CE960BA001D85FA</string>
				<string>66C12A331CE95B20001D85FA</string>
				<string>66C12A301CE95B20001D85FA</string>
				<string>66C12A2E1CE95B20001D85FA</string>
			</array>
			<key>isa</key>
			<string>PBXResourcesBuildPhase</string>
			<key>runOnlyForDeploymentPostprocessing</key>
			<string>0</string>
		</dict>
		<key>66C12A1F1CE95B20001D85FA</key>
		<dict>
			<key>buildConfigurationList</key>
			<string>66C12A4D1CE95B20001D85FA</string>
			<key>buildPhases</key>
			<array>
				<string>A8D79D9E174762FC0E1405CA</string>
				<string>66C12A1C1CE95B20001D85FA</string>
				<string>66C12A1D1CE95B20001D85FA</string>
				<string>66C12A1E1CE95B20001D85FA</string>
				<string>641460D7D7083579CF8470CB</string>
				<string>0F9CF62F310238AF9DCF3B1C</string>
			</array>
			<key>buildRules</key>
			<array/>
			<key>dependencies</key>
			<array/>
			<key>isa</key>
			<string>PBXNativeTarget</string>
			<key>name</key>
			<string>Weibo</string>
			<key>productName</key>
			<string>Weibo</string>
			<key>productReference</key>
			<string>66C12A201CE95B20001D85FA</string>
			<key>productType</key>
			<string>com.apple.product-type.application</string>
		</dict>
		<key>66C12A201CE95B20001D85FA</key>
		<dict>
			<key>explicitFileType</key>
			<string>wrapper.application</string>
			<key>includeInIndex</key>
			<string>0</string>
			<key>isa</key>
			<string>PBXFileReference</string>
			<key>path</key>
			<string>Weibo.app</string>
			<key>sourceTree</key>
			<string>BUILT_PRODUCTS_DIR</string>
		</dict>
		<key>66C12A211CE95B20001D85FA</key>
		<dict>
			<key>children</key>
			<array>
				<string>66C12A201CE95B20001D85FA</string>
				<string>66C12A391CE95B20001D85FA</string>
				<string>66C12A441CE95B20001D85FA</string>
			</array>
			<key>isa</key>
			<string>PBXGroup</string>
			<key>name</key>
			<string>Products</string>
			<key>sourceTree</key>
			<string>&lt;group&gt;</string>
		</dict>
		<key>66C12A221CE95B20001D85FA</key>
		<dict>
			<key>children</key>
			<array>
				<string>66C12A561CE95E49001D85FA</string>
				<string>66C12A231CE95B20001D85FA</string>
			</array>
			<key>isa</key>
			<string>PBXGroup</string>
			<key>path</key>
			<string>Weibo</string>
			<key>sourceTree</key>
			<string>&lt;group&gt;</string>
		</dict>
		<key>66C12A231CE95B20001D85FA</key>
		<dict>
			<key>children</key>
			<array>
				<string>66C12A241CE95B20001D85FA</string>
				<string>66C12A2C1CE95B20001D85FA</string>
				<string>66C12A2F1CE95B20001D85FA</string>
				<string>66C12A311CE95B20001D85FA</string>
				<string>66C12A341CE95B20001D85FA</string>
				<string>66C12A671CE960BA001D85FA</string>
			</array>
			<key>isa</key>
			<string>PBXGroup</string>
			<key>name</key>
			<string>Supporting Files</string>
			<key>sourceTree</key>
			<string>&lt;group&gt;</string>
		</dict>
		<key>66C12A241CE95B20001D85FA</key>
		<dict>
			<key>isa</key>
			<string>PBXFileReference</string>
			<key>lastKnownFileType</key>
			<string>sourcecode.c.objc</string>
			<key>path</key>
			<string>main.m</string>
			<key>sourceTree</key>
			<string>&lt;group&gt;</string>
		</dict>
		<key>66C12A251CE95B20001D85FA</key>
		<dict>
			<key>fileRef</key>
			<string>66C12A241CE95B20001D85FA</string>
			<key>isa</key>
			<string>PBXBuildFile</string>
		</dict>
		<key>66C12A2C1CE95B20001D85FA</key>
		<dict>
			<key>children</key>
			<array>
				<string>66C12A2D1CE95B20001D85FA</string>
			</array>
			<key>isa</key>
			<string>PBXVariantGroup</string>
			<key>name</key>
			<string>Main.storyboard</string>
			<key>sourceTree</key>
			<string>&lt;group&gt;</string>
		</dict>
		<key>66C12A2D1CE95B20001D85FA</key>
		<dict>
			<key>isa</key>
			<string>PBXFileReference</string>
			<key>lastKnownFileType</key>
			<string>file.storyboard</string>
			<key>name</key>
			<string>Base</string>
			<key>path</key>
			<string>Base.lproj/Main.storyboard</string>
			<key>sourceTree</key>
			<string>&lt;group&gt;</string>
		</dict>
		<key>66C12A2E1CE95B20001D85FA</key>
		<dict>
			<key>fileRef</key>
			<string>66C12A2C1CE95B20001D85FA</string>
			<key>isa</key>
			<string>PBXBuildFile</string>
		</dict>
		<key>66C12A2F1CE95B20001D85FA</key>
		<dict>
			<key>isa</key>
			<string>PBXFileReference</string>
			<key>lastKnownFileType</key>
			<string>folder.assetcatalog</string>
			<key>path</key>
			<string>Assets.xcassets</string>
			<key>sourceTree</key>
			<string>&lt;group&gt;</string>
		</dict>
		<key>66C12A301CE95B20001D85FA</key>
		<dict>
			<key>fileRef</key>
			<string>66C12A2F1CE95B20001D85FA</string>
			<key>isa</key>
			<string>PBXBuildFile</string>
		</dict>
		<key>66C12A311CE95B20001D85FA</key>
		<dict>
			<key>children</key>
			<array>
				<string>66C12A321CE95B20001D85FA</string>
			</array>
			<key>isa</key>
			<string>PBXVariantGroup</string>
			<key>name</key>
			<string>LaunchScreen.storyboard</string>
			<key>sourceTree</key>
			<string>&lt;group&gt;</string>
		</dict>
		<key>66C12A321CE95B20001D85FA</key>
		<dict>
			<key>isa</key>
			<string>PBXFileReference</string>
			<key>lastKnownFileType</key>
			<string>file.storyboard</string>
			<key>name</key>
			<string>Base</string>
			<key>path</key>
			<string>Base.lproj/LaunchScreen.storyboard</string>
			<key>sourceTree</key>
			<string>&lt;group&gt;</string>
		</dict>
		<key>66C12A331CE95B20001D85FA</key>
		<dict>
			<key>fileRef</key>
			<string>66C12A311CE95B20001D85FA</string>
			<key>isa</key>
			<string>PBXBuildFile</string>
		</dict>
		<key>66C12A341CE95B20001D85FA</key>
		<dict>
			<key>isa</key>
			<string>PBXFileReference</string>
			<key>lastKnownFileType</key>
			<string>text.plist.xml</string>
			<key>path</key>
			<string>Info.plist</string>
			<key>sourceTree</key>
			<string>&lt;group&gt;</string>
		</dict>
		<key>66C12A351CE95B20001D85FA</key>
		<dict>
			<key>buildActionMask</key>
			<string>2147483647</string>
			<key>files</key>
			<array>
				<string>66C12A3E1CE95B20001D85FA</string>
			</array>
			<key>isa</key>
			<string>PBXSourcesBuildPhase</string>
			<key>runOnlyForDeploymentPostprocessing</key>
			<string>0</string>
		</dict>
		<key>66C12A361CE95B20001D85FA</key>
		<dict>
			<key>buildActionMask</key>
			<string>2147483647</string>
			<key>files</key>
			<array/>
			<key>isa</key>
			<string>PBXFrameworksBuildPhase</string>
			<key>runOnlyForDeploymentPostprocessing</key>
			<string>0</string>
		</dict>
		<key>66C12A371CE95B20001D85FA</key>
		<dict>
			<key>buildActionMask</key>
			<string>2147483647</string>
			<key>files</key>
			<array/>
			<key>isa</key>
			<string>PBXResourcesBuildPhase</string>
			<key>runOnlyForDeploymentPostprocessing</key>
			<string>0</string>
		</dict>
		<key>66C12A381CE95B20001D85FA</key>
		<dict>
			<key>buildConfigurationList</key>
			<string>66C12A501CE95B20001D85FA</string>
			<key>buildPhases</key>
			<array>
				<string>66C12A351CE95B20001D85FA</string>
				<string>66C12A361CE95B20001D85FA</string>
				<string>66C12A371CE95B20001D85FA</string>
			</array>
			<key>buildRules</key>
			<array/>
			<key>dependencies</key>
			<array>
				<string>66C12A3B1CE95B20001D85FA</string>
			</array>
			<key>isa</key>
			<string>PBXNativeTarget</string>
			<key>name</key>
			<string>WeiboTests</string>
			<key>productName</key>
			<string>WeiboTests</string>
			<key>productReference</key>
			<string>66C12A391CE95B20001D85FA</string>
			<key>productType</key>
			<string>com.apple.product-type.bundle.unit-test</string>
		</dict>
		<key>66C12A391CE95B20001D85FA</key>
		<dict>
			<key>explicitFileType</key>
			<string>wrapper.cfbundle</string>
			<key>includeInIndex</key>
			<string>0</string>
			<key>isa</key>
			<string>PBXFileReference</string>
			<key>path</key>
			<string>WeiboTests.xctest</string>
			<key>sourceTree</key>
			<string>BUILT_PRODUCTS_DIR</string>
		</dict>
		<key>66C12A3A1CE95B20001D85FA</key>
		<dict>
			<key>containerPortal</key>
			<string>66C12A181CE95B20001D85FA</string>
			<key>isa</key>
			<string>PBXContainerItemProxy</string>
			<key>proxyType</key>
			<string>1</string>
			<key>remoteGlobalIDString</key>
			<string>66C12A1F1CE95B20001D85FA</string>
			<key>remoteInfo</key>
			<string>Weibo</string>
		</dict>
		<key>66C12A3B1CE95B20001D85FA</key>
		<dict>
			<key>isa</key>
			<string>PBXTargetDependency</string>
			<key>target</key>
			<string>66C12A1F1CE95B20001D85FA</string>
			<key>targetProxy</key>
			<string>66C12A3A1CE95B20001D85FA</string>
		</dict>
		<key>66C12A3C1CE95B20001D85FA</key>
		<dict>
			<key>children</key>
			<array>
				<string>66C12A3D1CE95B20001D85FA</string>
				<string>66C12A3F1CE95B20001D85FA</string>
			</array>
			<key>isa</key>
			<string>PBXGroup</string>
			<key>path</key>
			<string>WeiboTests</string>
			<key>sourceTree</key>
			<string>&lt;group&gt;</string>
		</dict>
		<key>66C12A3D1CE95B20001D85FA</key>
		<dict>
			<key>isa</key>
			<string>PBXFileReference</string>
			<key>lastKnownFileType</key>
			<string>sourcecode.c.objc</string>
			<key>path</key>
			<string>WeiboTests.m</string>
			<key>sourceTree</key>
			<string>&lt;group&gt;</string>
		</dict>
		<key>66C12A3E1CE95B20001D85FA</key>
		<dict>
			<key>fileRef</key>
			<string>66C12A3D1CE95B20001D85FA</string>
			<key>isa</key>
			<string>PBXBuildFile</string>
		</dict>
		<key>66C12A3F1CE95B20001D85FA</key>
		<dict>
			<key>isa</key>
			<string>PBXFileReference</string>
			<key>lastKnownFileType</key>
			<string>text.plist.xml</string>
			<key>path</key>
			<string>Info.plist</string>
			<key>sourceTree</key>
			<string>&lt;group&gt;</string>
		</dict>
		<key>66C12A401CE95B20001D85FA</key>
		<dict>
			<key>buildActionMask</key>
			<string>2147483647</string>
			<key>files</key>
			<array>
				<string>66C12A491CE95B20001D85FA</string>
			</array>
			<key>isa</key>
			<string>PBXSourcesBuildPhase</string>
			<key>runOnlyForDeploymentPostprocessing</key>
			<string>0</string>
		</dict>
		<key>66C12A411CE95B20001D85FA</key>
		<dict>
			<key>buildActionMask</key>
			<string>2147483647</string>
			<key>files</key>
			<array/>
			<key>isa</key>
			<string>PBXFrameworksBuildPhase</string>
			<key>runOnlyForDeploymentPostprocessing</key>
			<string>0</string>
		</dict>
		<key>66C12A421CE95B20001D85FA</key>
		<dict>
			<key>buildActionMask</key>
			<string>2147483647</string>
			<key>files</key>
			<array/>
			<key>isa</key>
			<string>PBXResourcesBuildPhase</string>
			<key>runOnlyForDeploymentPostprocessing</key>
			<string>0</string>
		</dict>
		<key>66C12A431CE95B20001D85FA</key>
		<dict>
			<key>buildConfigurationList</key>
			<string>66C12A531CE95B20001D85FA</string>
			<key>buildPhases</key>
			<array>
				<string>66C12A401CE95B20001D85FA</string>
				<string>66C12A411CE95B20001D85FA</string>
				<string>66C12A421CE95B20001D85FA</string>
			</array>
			<key>buildRules</key>
			<array/>
			<key>dependencies</key>
			<array>
				<string>66C12A461CE95B20001D85FA</string>
			</array>
			<key>isa</key>
			<string>PBXNativeTarget</string>
			<key>name</key>
			<string>WeiboUITests</string>
			<key>productName</key>
			<string>WeiboUITests</string>
			<key>productReference</key>
			<string>66C12A441CE95B20001D85FA</string>
			<key>productType</key>
			<string>com.apple.product-type.bundle.ui-testing</string>
		</dict>
		<key>66C12A441CE95B20001D85FA</key>
		<dict>
			<key>explicitFileType</key>
			<string>wrapper.cfbundle</string>
			<key>includeInIndex</key>
			<string>0</string>
			<key>isa</key>
			<string>PBXFileReference</string>
			<key>path</key>
			<string>WeiboUITests.xctest</string>
			<key>sourceTree</key>
			<string>BUILT_PRODUCTS_DIR</string>
		</dict>
		<key>66C12A451CE95B20001D85FA</key>
		<dict>
			<key>containerPortal</key>
			<string>66C12A181CE95B20001D85FA</string>
			<key>isa</key>
			<string>PBXContainerItemProxy</string>
			<key>proxyType</key>
			<string>1</string>
			<key>remoteGlobalIDString</key>
			<string>66C12A1F1CE95B20001D85FA</string>
			<key>remoteInfo</key>
			<string>Weibo</string>
		</dict>
		<key>66C12A461CE95B20001D85FA</key>
		<dict>
			<key>isa</key>
			<string>PBXTargetDependency</string>
			<key>target</key>
			<string>66C12A1F1CE95B20001D85FA</string>
			<key>targetProxy</key>
			<string>66C12A451CE95B20001D85FA</string>
		</dict>
		<key>66C12A471CE95B20001D85FA</key>
		<dict>
			<key>children</key>
			<array>
				<string>66C12A481CE95B20001D85FA</string>
				<string>66C12A4A1CE95B20001D85FA</string>
			</array>
			<key>isa</key>
			<string>PBXGroup</string>
			<key>path</key>
			<string>WeiboUITests</string>
			<key>sourceTree</key>
			<string>&lt;group&gt;</string>
		</dict>
		<key>66C12A481CE95B20001D85FA</key>
		<dict>
			<key>isa</key>
			<string>PBXFileReference</string>
			<key>lastKnownFileType</key>
			<string>sourcecode.c.objc</string>
			<key>path</key>
			<string>WeiboUITests.m</string>
			<key>sourceTree</key>
			<string>&lt;group&gt;</string>
		</dict>
		<key>66C12A491CE95B20001D85FA</key>
		<dict>
			<key>fileRef</key>
			<string>66C12A481CE95B20001D85FA</string>
			<key>isa</key>
			<string>PBXBuildFile</string>
		</dict>
		<key>66C12A4A1CE95B20001D85FA</key>
		<dict>
			<key>isa</key>
			<string>PBXFileReference</string>
			<key>lastKnownFileType</key>
			<string>text.plist.xml</string>
			<key>path</key>
			<string>Info.plist</string>
			<key>sourceTree</key>
			<string>&lt;group&gt;</string>
		</dict>
		<key>66C12A4B1CE95B20001D85FA</key>
		<dict>
			<key>buildSettings</key>
			<dict>
				<key>ALWAYS_SEARCH_USER_PATHS</key>
				<string>NO</string>
				<key>CLANG_ANALYZER_NONNULL</key>
				<string>YES</string>
				<key>CLANG_CXX_LANGUAGE_STANDARD</key>
				<string>gnu++0x</string>
				<key>CLANG_CXX_LIBRARY</key>
				<string>libc++</string>
				<key>CLANG_ENABLE_MODULES</key>
				<string>YES</string>
				<key>CLANG_ENABLE_OBJC_ARC</key>
				<string>YES</string>
				<key>CLANG_WARN_BOOL_CONVERSION</key>
				<string>YES</string>
				<key>CLANG_WARN_CONSTANT_CONVERSION</key>
				<string>YES</string>
				<key>CLANG_WARN_DIRECT_OBJC_ISA_USAGE</key>
				<string>YES_ERROR</string>
				<key>CLANG_WARN_EMPTY_BODY</key>
				<string>YES</string>
				<key>CLANG_WARN_ENUM_CONVERSION</key>
				<string>YES</string>
				<key>CLANG_WARN_INT_CONVERSION</key>
				<string>YES</string>
				<key>CLANG_WARN_OBJC_ROOT_CLASS</key>
				<string>YES_ERROR</string>
				<key>CLANG_WARN_UNREACHABLE_CODE</key>
				<string>YES</string>
				<key>CLANG_WARN__DUPLICATE_METHOD_MATCH</key>
				<string>YES</string>
				<key>CODE_SIGN_IDENTITY[sdk=iphoneos*]</key>
				<string>iPhone Developer</string>
				<key>COPY_PHASE_STRIP</key>
				<string>NO</string>
				<key>DEBUG_INFORMATION_FORMAT</key>
				<string>dwarf</string>
				<key>ENABLE_STRICT_OBJC_MSGSEND</key>
				<string>YES</string>
				<key>ENABLE_TESTABILITY</key>
				<string>YES</string>
				<key>GCC_C_LANGUAGE_STANDARD</key>
				<string>gnu99</string>
				<key>GCC_DYNAMIC_NO_PIC</key>
				<string>NO</string>
				<key>GCC_NO_COMMON_BLOCKS</key>
				<string>YES</string>
				<key>GCC_OPTIMIZATION_LEVEL</key>
				<string>0</string>
				<key>GCC_PREPROCESSOR_DEFINITIONS</key>
				<array>
					<string>DEBUG=1</string>
					<string>$(inherited)</string>
				</array>
				<key>GCC_WARN_64_TO_32_BIT_CONVERSION</key>
				<string>YES</string>
				<key>GCC_WARN_ABOUT_RETURN_TYPE</key>
				<string>YES_ERROR</string>
				<key>GCC_WARN_UNDECLARED_SELECTOR</key>
				<string>YES</string>
				<key>GCC_WARN_UNINITIALIZED_AUTOS</key>
				<string>YES_AGGRESSIVE</string>
				<key>GCC_WARN_UNUSED_FUNCTION</key>
				<string>YES</string>
				<key>GCC_WARN_UNUSED_VARIABLE</key>
				<string>YES</string>
				<key>IPHONEOS_DEPLOYMENT_TARGET</key>
				<string>9.3</string>
				<key>MTL_ENABLE_DEBUG_INFO</key>
				<string>YES</string>
				<key>ONLY_ACTIVE_ARCH</key>
				<string>YES</string>
				<key>SDKROOT</key>
				<string>iphoneos</string>
			</dict>
			<key>isa</key>
			<string>XCBuildConfiguration</string>
			<key>name</key>
			<string>Debug</string>
		</dict>
		<key>66C12A4C1CE95B20001D85FA</key>
		<dict>
			<key>buildSettings</key>
			<dict>
				<key>ALWAYS_SEARCH_USER_PATHS</key>
				<string>NO</string>
				<key>CLANG_ANALYZER_NONNULL</key>
				<string>YES</string>
				<key>CLANG_CXX_LANGUAGE_STANDARD</key>
				<string>gnu++0x</string>
				<key>CLANG_CXX_LIBRARY</key>
				<string>libc++</string>
				<key>CLANG_ENABLE_MODULES</key>
				<string>YES</string>
				<key>CLANG_ENABLE_OBJC_ARC</key>
				<string>YES</string>
				<key>CLANG_WARN_BOOL_CONVERSION</key>
				<string>YES</string>
				<key>CLANG_WARN_CONSTANT_CONVERSION</key>
				<string>YES</string>
				<key>CLANG_WARN_DIRECT_OBJC_ISA_USAGE</key>
				<string>YES_ERROR</string>
				<key>CLANG_WARN_EMPTY_BODY</key>
				<string>YES</string>
				<key>CLANG_WARN_ENUM_CONVERSION</key>
				<string>YES</string>
				<key>CLANG_WARN_INT_CONVERSION</key>
				<string>YES</string>
				<key>CLANG_WARN_OBJC_ROOT_CLASS</key>
				<string>YES_ERROR</string>
				<key>CLANG_WARN_UNREACHABLE_CODE</key>
				<string>YES</string>
				<key>CLANG_WARN__DUPLICATE_METHOD_MATCH</key>
				<string>YES</string>
				<key>CODE_SIGN_IDENTITY[sdk=iphoneos*]</key>
				<string>iPhone Developer</string>
				<key>COPY_PHASE_STRIP</key>
				<string>NO</string>
				<key>DEBUG_INFORMATION_FORMAT</key>
				<string>dwarf-with-dsym</string>
				<key>ENABLE_NS_ASSERTIONS</key>
				<string>NO</string>
				<key>ENABLE_STRICT_OBJC_MSGSEND</key>
				<string>YES</string>
				<key>GCC_C_LANGUAGE_STANDARD</key>
				<string>gnu99</string>
				<key>GCC_NO_COMMON_BLOCKS</key>
				<string>YES</string>
				<key>GCC_WARN_64_TO_32_BIT_CONVERSION</key>
				<string>YES</string>
				<key>GCC_WARN_ABOUT_RETURN_TYPE</key>
				<string>YES_ERROR</string>
				<key>GCC_WARN_UNDECLARED_SELECTOR</key>
				<string>YES</string>
				<key>GCC_WARN_UNINITIALIZED_AUTOS</key>
				<string>YES_AGGRESSIVE</string>
				<key>GCC_WARN_UNUSED_FUNCTION</key>
				<string>YES</string>
				<key>GCC_WARN_UNUSED_VARIABLE</key>
				<string>YES</string>
				<key>IPHONEOS_DEPLOYMENT_TARGET</key>
				<string>9.3</string>
				<key>MTL_ENABLE_DEBUG_INFO</key>
				<string>NO</string>
				<key>SDKROOT</key>
				<string>iphoneos</string>
				<key>VALIDATE_PRODUCT</key>
				<string>YES</string>
			</dict>
			<key>isa</key>
			<string>XCBuildConfiguration</string>
			<key>name</key>
			<string>Release</string>
		</dict>
		<key>66C12A4D1CE95B20001D85FA</key>
		<dict>
			<key>buildConfigurations</key>
			<array>
				<string>66C12A4E1CE95B20001D85FA</string>
				<string>66C12A4F1CE95B20001D85FA</string>
			</array>
			<key>defaultConfigurationIsVisible</key>
			<string>0</string>
			<key>defaultConfigurationName</key>
			<string>Release</string>
			<key>isa</key>
			<string>XCConfigurationList</string>
		</dict>
		<key>66C12A4E1CE95B20001D85FA</key>
		<dict>
			<key>baseConfigurationReference</key>
			<string>2CA58CC63482032C56819E1C</string>
			<key>buildSettings</key>
			<dict>
				<key>ASSETCATALOG_COMPILER_APPICON_NAME</key>
				<string>AppIcon</string>
				<key>GCC_PREFIX_HEADER</key>
				<string>Weibo/Class/Other/PrefixHeader.pch</string>
				<key>INFOPLIST_FILE</key>
				<string>Weibo/Info.plist</string>
				<key>IPHONEOS_DEPLOYMENT_TARGET</key>
				<string>8.0</string>
				<key>LD_RUNPATH_SEARCH_PATHS</key>
				<string>$(inherited) @executable_path/Frameworks</string>
				<key>PRODUCT_BUNDLE_IDENTIFIER</key>
				<string>com.chenrun.Weibo</string>
				<key>PRODUCT_NAME</key>
				<string>$(TARGET_NAME)</string>
			</dict>
			<key>isa</key>
			<string>XCBuildConfiguration</string>
			<key>name</key>
			<string>Debug</string>
		</dict>
		<key>66C12A4F1CE95B20001D85FA</key>
		<dict>
			<key>baseConfigurationReference</key>
			<string>8B4D57B8051881D35A651FBE</string>
			<key>buildSettings</key>
			<dict>
				<key>ASSETCATALOG_COMPILER_APPICON_NAME</key>
				<string>AppIcon</string>
				<key>GCC_PREFIX_HEADER</key>
				<string>Weibo/Class/Other/PrefixHeader.pch</string>
				<key>INFOPLIST_FILE</key>
				<string>Weibo/Info.plist</string>
				<key>IPHONEOS_DEPLOYMENT_TARGET</key>
				<string>8.0</string>
				<key>LD_RUNPATH_SEARCH_PATHS</key>
				<string>$(inherited) @executable_path/Frameworks</string>
				<key>PRODUCT_BUNDLE_IDENTIFIER</key>
				<string>com.chenrun.Weibo</string>
				<key>PRODUCT_NAME</key>
				<string>$(TARGET_NAME)</string>
			</dict>
			<key>isa</key>
			<string>XCBuildConfiguration</string>
			<key>name</key>
			<string>Release</string>
		</dict>
		<key>66C12A501CE95B20001D85FA</key>
		<dict>
			<key>buildConfigurations</key>
			<array>
				<string>66C12A511CE95B20001D85FA</string>
				<string>66C12A521CE95B20001D85FA</string>
			</array>
			<key>defaultConfigurationIsVisible</key>
			<string>0</string>
			<key>defaultConfigurationName</key>
			<string>Release</string>
			<key>isa</key>
			<string>XCConfigurationList</string>
		</dict>
		<key>66C12A511CE95B20001D85FA</key>
		<dict>
			<key>buildSettings</key>
			<dict>
				<key>BUNDLE_LOADER</key>
				<string>$(TEST_HOST)</string>
				<key>INFOPLIST_FILE</key>
				<string>WeiboTests/Info.plist</string>
				<key>LD_RUNPATH_SEARCH_PATHS</key>
				<string>$(inherited) @executable_path/Frameworks @loader_path/Frameworks</string>
				<key>PRODUCT_BUNDLE_IDENTIFIER</key>
				<string>com.chenrun.WeiboTests</string>
				<key>PRODUCT_NAME</key>
				<string>$(TARGET_NAME)</string>
				<key>TEST_HOST</key>
				<string>$(BUILT_PRODUCTS_DIR)/Weibo.app/Weibo</string>
			</dict>
			<key>isa</key>
			<string>XCBuildConfiguration</string>
			<key>name</key>
			<string>Debug</string>
		</dict>
		<key>66C12A521CE95B20001D85FA</key>
		<dict>
			<key>buildSettings</key>
			<dict>
				<key>BUNDLE_LOADER</key>
				<string>$(TEST_HOST)</string>
				<key>INFOPLIST_FILE</key>
				<string>WeiboTests/Info.plist</string>
				<key>LD_RUNPATH_SEARCH_PATHS</key>
				<string>$(inherited) @executable_path/Frameworks @loader_path/Frameworks</string>
				<key>PRODUCT_BUNDLE_IDENTIFIER</key>
				<string>com.chenrun.WeiboTests</string>
				<key>PRODUCT_NAME</key>
				<string>$(TARGET_NAME)</string>
				<key>TEST_HOST</key>
				<string>$(BUILT_PRODUCTS_DIR)/Weibo.app/Weibo</string>
			</dict>
			<key>isa</key>
			<string>XCBuildConfiguration</string>
			<key>name</key>
			<string>Release</string>
		</dict>
		<key>66C12A531CE95B20001D85FA</key>
		<dict>
			<key>buildConfigurations</key>
			<array>
				<string>66C12A541CE95B20001D85FA</string>
				<string>66C12A551CE95B20001D85FA</string>
			</array>
			<key>defaultConfigurationIsVisible</key>
			<string>0</string>
			<key>defaultConfigurationName</key>
			<string>Release</string>
			<key>isa</key>
			<string>XCConfigurationList</string>
		</dict>
		<key>66C12A541CE95B20001D85FA</key>
		<dict>
			<key>buildSettings</key>
			<dict>
				<key>INFOPLIST_FILE</key>
				<string>WeiboUITests/Info.plist</string>
				<key>LD_RUNPATH_SEARCH_PATHS</key>
				<string>$(inherited) @executable_path/Frameworks @loader_path/Frameworks</string>
				<key>PRODUCT_BUNDLE_IDENTIFIER</key>
				<string>com.chenrun.WeiboUITests</string>
				<key>PRODUCT_NAME</key>
				<string>$(TARGET_NAME)</string>
				<key>TEST_TARGET_NAME</key>
				<string>Weibo</string>
			</dict>
			<key>isa</key>
			<string>XCBuildConfiguration</string>
			<key>name</key>
			<string>Debug</string>
		</dict>
		<key>66C12A551CE95B20001D85FA</key>
		<dict>
			<key>buildSettings</key>
			<dict>
				<key>INFOPLIST_FILE</key>
				<string>WeiboUITests/Info.plist</string>
				<key>LD_RUNPATH_SEARCH_PATHS</key>
				<string>$(inherited) @executable_path/Frameworks @loader_path/Frameworks</string>
				<key>PRODUCT_BUNDLE_IDENTIFIER</key>
				<string>com.chenrun.WeiboUITests</string>
				<key>PRODUCT_NAME</key>
				<string>$(TARGET_NAME)</string>
				<key>TEST_TARGET_NAME</key>
				<string>Weibo</string>
			</dict>
			<key>isa</key>
			<string>XCBuildConfiguration</string>
			<key>name</key>
			<string>Release</string>
		</dict>
		<key>66C12A561CE95E49001D85FA</key>
		<dict>
			<key>children</key>
			<array>
				<string>66C12A571CE95E49001D85FA</string>
				<string>66C12A5A1CE95E49001D85FA</string>
				<string>66C12A5E1CE95E49001D85FA</string>
				<string>66C12A5F1CE95E49001D85FA</string>
				<string>66C12A601CE95E49001D85FA</string>
				<string>66C12A611CE95E49001D85FA</string>
				<string>66C12A651CE95E49001D85FA</string>
			</array>
			<key>isa</key>
			<string>PBXGroup</string>
			<key>path</key>
			<string>Class</string>
			<key>sourceTree</key>
			<string>&lt;group&gt;</string>
		</dict>
		<key>66C12A571CE95E49001D85FA</key>
		<dict>
			<key>children</key>
			<array>
				<string>66C12A581CE95E49001D85FA</string>
				<string>66C12A591CE95E49001D85FA</string>
			</array>
			<key>isa</key>
			<string>PBXGroup</string>
			<key>path</key>
			<string>Appdelegate</string>
			<key>sourceTree</key>
			<string>&lt;group&gt;</string>
		</dict>
		<key>66C12A581CE95E49001D85FA</key>
		<dict>
			<key>fileEncoding</key>
			<string>4</string>
			<key>isa</key>
			<string>PBXFileReference</string>
			<key>lastKnownFileType</key>
			<string>sourcecode.c.h</string>
			<key>path</key>
			<string>AppDelegate.h</string>
			<key>sourceTree</key>
			<string>&lt;group&gt;</string>
		</dict>
		<key>66C12A591CE95E49001D85FA</key>
		<dict>
			<key>fileEncoding</key>
			<string>4</string>
			<key>isa</key>
			<string>PBXFileReference</string>
			<key>lastKnownFileType</key>
			<string>sourcecode.c.objc</string>
			<key>path</key>
			<string>AppDelegate.m</string>
			<key>sourceTree</key>
			<string>&lt;group&gt;</string>
		</dict>
		<key>66C12A5A1CE95E49001D85FA</key>
		<dict>
			<key>children</key>
			<array>
				<string>66C12A5B1CE95E49001D85FA</string>
				<string>66C12A5C1CE95E49001D85FA</string>
				<string>66C12A5D1CE95E49001D85FA</string>
			</array>
			<key>isa</key>
			<string>PBXGroup</string>
			<key>path</key>
			<string>General</string>
			<key>sourceTree</key>
			<string>&lt;group&gt;</string>
		</dict>
		<key>66C12A5B1CE95E49001D85FA</key>
		<dict>
			<key>children</key>
			<array>
				<string>66033B3E1CEAC17D003894FD</string>
				<string>66033B3F1CEAC17D003894FD</string>
				<string>66B7483F1CF403D500796A0E</string>
				<string>66B748401CF403D500796A0E</string>
			</array>
			<key>isa</key>
			<string>PBXGroup</string>
			<key>path</key>
			<string>Categories</string>
			<key>sourceTree</key>
			<string>&lt;group&gt;</string>
		</dict>
		<key>66C12A5C1CE95E49001D85FA</key>
		<dict>
			<key>children</key>
			<array/>
			<key>isa</key>
			<string>PBXGroup</string>
			<key>path</key>
			<string>ViewControllers</string>
			<key>sourceTree</key>
			<string>&lt;group&gt;</string>
		</dict>
		<key>66C12A5D1CE95E49001D85FA</key>
		<dict>
			<key>children</key>
			<array/>
			<key>isa</key>
			<string>PBXGroup</string>
			<key>path</key>
			<string>Views</string>
			<key>sourceTree</key>
			<string>&lt;group&gt;</string>
		</dict>
		<key>66C12A5E1CE95E49001D85FA</key>
		<dict>
			<key>children</key>
			<array/>
			<key>isa</key>
			<string>PBXGroup</string>
			<key>path</key>
			<string>Helper</string>
			<key>sourceTree</key>
			<string>&lt;group&gt;</string>
		</dict>
		<key>66C12A5F1CE95E49001D85FA</key>
		<dict>
			<key>children</key>
			<array>
				<string>66C12A891CE96AA4001D85FA</string>
			</array>
			<key>isa</key>
			<string>PBXGroup</string>
			<key>path</key>
			<string>Other</string>
			<key>sourceTree</key>
			<string>&lt;group&gt;</string>
		</dict>
		<key>66C12A601CE95E49001D85FA</key>
		<dict>
			<key>children</key>
			<array/>
			<key>isa</key>
			<string>PBXGroup</string>
			<key>path</key>
			<string>Resource</string>
			<key>sourceTree</key>
			<string>&lt;group&gt;</string>
		</dict>
		<key>66C12A611CE95E49001D85FA</key>
		<dict>
			<key>children</key>
			<array>
				<string>66CA4B1F1CF6F2D600B6BADB</string>
				<string>66CA4B1A1CF6C68400B6BADB</string>
				<string>66033B2C1CEAA115003894FD</string>
				<string>66C12A6D1CE96621001D85FA</string>
				<string>66C12A711CE96621001D85FA</string>
				<string>66C12A751CE96621001D85FA</string>
				<string>66C12A791CE96621001D85FA</string>
			</array>
			<key>isa</key>
			<string>PBXGroup</string>
			<key>path</key>
			<string>Scenes</string>
			<key>sourceTree</key>
			<string>&lt;group&gt;</string>
		</dict>
		<key>66C12A651CE95E49001D85FA</key>
		<dict>
			<key>children</key>
			<array/>
			<key>isa</key>
			<string>PBXGroup</string>
			<key>path</key>
			<string>Vendors</string>
			<key>sourceTree</key>
			<string>&lt;group&gt;</string>
		</dict>
		<key>66C12A661CE95E49001D85FA</key>
		<dict>
			<key>fileRef</key>
			<string>66C12A591CE95E49001D85FA</string>
			<key>isa</key>
			<string>PBXBuildFile</string>
		</dict>
		<key>66C12A671CE960BA001D85FA</key>
		<dict>
			<key>isa</key>
			<string>PBXFileReference</string>
			<key>lastKnownFileType</key>
			<string>image.png</string>
			<key>path</key>
			<string>Default@2x.png</string>
			<key>sourceTree</key>
			<string>&lt;group&gt;</string>
		</dict>
		<key>66C12A681CE960BA001D85FA</key>
		<dict>
			<key>fileRef</key>
			<string>66C12A671CE960BA001D85FA</string>
			<key>isa</key>
			<string>PBXBuildFile</string>
		</dict>
		<key>66C12A6D1CE96621001D85FA</key>
		<dict>
			<key>children</key>
			<array>
				<string>66C12A6E1CE96621001D85FA</string>
				<string>66C12A6F1CE96621001D85FA</string>
				<string>66C12A701CE96621001D85FA</string>
			</array>
			<key>isa</key>
			<string>PBXGroup</string>
			<key>path</key>
			<string>Discover</string>
			<key>sourceTree</key>
			<string>&lt;group&gt;</string>
		</dict>
		<key>66C12A6E1CE96621001D85FA</key>
		<dict>
			<key>children</key>
			<array/>
			<key>isa</key>
			<string>PBXGroup</string>
			<key>path</key>
			<string>Model </string>
			<key>sourceTree</key>
			<string>&lt;group&gt;</string>
		</dict>
		<key>66C12A6F1CE96621001D85FA</key>
		<dict>
			<key>children</key>
			<array/>
			<key>isa</key>
			<string>PBXGroup</string>
			<key>path</key>
			<string>View</string>
			<key>sourceTree</key>
			<string>&lt;group&gt;</string>
		</dict>
		<key>66C12A701CE96621001D85FA</key>
		<dict>
			<key>children</key>
			<array>
				<string>66C12A801CE96714001D85FA</string>
				<string>66C12A811CE96714001D85FA</string>
			</array>
			<key>isa</key>
			<string>PBXGroup</string>
			<key>path</key>
			<string>ViewController</string>
			<key>sourceTree</key>
			<string>&lt;group&gt;</string>
		</dict>
		<key>66C12A711CE96621001D85FA</key>
		<dict>
			<key>children</key>
			<array>
				<string>66C12A741CE96621001D85FA</string>
				<string>66C12A721CE96621001D85FA</string>
				<string>66C12A731CE96621001D85FA</string>
			</array>
			<key>isa</key>
			<string>PBXGroup</string>
			<key>path</key>
			<string>Home</string>
			<key>sourceTree</key>
			<string>&lt;group&gt;</string>
		</dict>
		<key>66C12A721CE96621001D85FA</key>
		<dict>
			<key>children</key>
			<array/>
			<key>isa</key>
			<string>PBXGroup</string>
			<key>path</key>
			<string>Model </string>
			<key>sourceTree</key>
			<string>&lt;group&gt;</string>
		</dict>
		<key>66C12A731CE96621001D85FA</key>
		<dict>
			<key>children</key>
			<array>
				<string>66C30C2C1CF533A1007D9DBD</string>
				<string>66C30C2D1CF533A1007D9DBD</string>
			</array>
			<key>isa</key>
			<string>PBXGroup</string>
			<key>path</key>
			<string>View</string>
			<key>sourceTree</key>
			<string>&lt;group&gt;</string>
		</dict>
		<key>66C12A741CE96621001D85FA</key>
		<dict>
			<key>children</key>
			<array>
				<string>66C12A7D1CE966F8001D85FA</string>
				<string>66C12A7E1CE966F8001D85FA</string>
				<string>66C30C321CF57B4E007D9DBD</string>
				<string>66C30C331CF57B4E007D9DBD</string>
				<string>66033B391CEAA5CB003894FD</string>
				<string>66033B3A1CEAA5CB003894FD</string>
				<string>66033B3B1CEAA5CB003894FD</string>
			</array>
			<key>isa</key>
			<string>PBXGroup</string>
			<key>path</key>
			<string>ViewController</string>
			<key>sourceTree</key>
			<string>&lt;group&gt;</string>
		</dict>
		<key>66C12A751CE96621001D85FA</key>
		<dict>
			<key>children</key>
			<array>
				<string>66C12A761CE96621001D85FA</string>
				<string>66C12A771CE96621001D85FA</string>
				<string>66C12A781CE96621001D85FA</string>
			</array>
			<key>isa</key>
			<string>PBXGroup</string>
			<key>path</key>
			<string>Message</string>
			<key>sourceTree</key>
			<string>&lt;group&gt;</string>
		</dict>
		<key>66C12A761CE96621001D85FA</key>
		<dict>
			<key>children</key>
			<array/>
			<key>isa</key>
			<string>PBXGroup</string>
			<key>path</key>
			<string>Model </string>
			<key>sourceTree</key>
			<string>&lt;group&gt;</string>
		</dict>
		<key>66C12A771CE96621001D85FA</key>
		<dict>
			<key>children</key>
			<array/>
			<key>isa</key>
			<string>PBXGroup</string>
			<key>path</key>
			<string>View</string>
			<key>sourceTree</key>
			<string>&lt;group&gt;</string>
		</dict>
		<key>66C12A781CE96621001D85FA</key>
		<dict>
			<key>children</key>
			<array>
				<string>66C12A831CE96725001D85FA</string>
				<string>66C12A841CE96725001D85FA</string>
			</array>
			<key>isa</key>
			<string>PBXGroup</string>
			<key>path</key>
			<string>ViewController</string>
			<key>sourceTree</key>
			<string>&lt;group&gt;</string>
		</dict>
		<key>66C12A791CE96621001D85FA</key>
		<dict>
			<key>children</key>
			<array>
				<string>66C12A7A1CE96621001D85FA</string>
				<string>66C12A7B1CE96621001D85FA</string>
				<string>66C12A7C1CE96621001D85FA</string>
			</array>
			<key>isa</key>
			<string>PBXGroup</string>
			<key>path</key>
			<string>profile</string>
			<key>sourceTree</key>
			<string>&lt;group&gt;</string>
		</dict>
		<key>66C12A7A1CE96621001D85FA</key>
		<dict>
			<key>children</key>
			<array/>
			<key>isa</key>
			<string>PBXGroup</string>
			<key>path</key>
			<string>Model </string>
			<key>sourceTree</key>
			<string>&lt;group&gt;</string>
		</dict>
		<key>66C12A7B1CE96621001D85FA</key>
		<dict>
			<key>children</key>
			<array/>
			<key>isa</key>
			<string>PBXGroup</string>
			<key>path</key>
			<string>View</string>
			<key>sourceTree</key>
			<string>&lt;group&gt;</string>
		</dict>
		<key>66C12A7C1CE96621001D85FA</key>
		<dict>
			<key>children</key>
			<array>
				<string>66C12A861CE96739001D85FA</string>
				<string>66C12A871CE96739001D85FA</string>
			</array>
			<key>isa</key>
			<string>PBXGroup</string>
			<key>path</key>
			<string>ViewController</string>
			<key>sourceTree</key>
			<string>&lt;group&gt;</string>
		</dict>
		<key>66C12A7D1CE966F8001D85FA</key>
		<dict>
			<key>fileEncoding</key>
			<string>4</string>
			<key>isa</key>
			<string>PBXFileReference</string>
			<key>lastKnownFileType</key>
			<string>sourcecode.c.h</string>
			<key>path</key>
			<string>HomeViewController.h</string>
			<key>sourceTree</key>
			<string>&lt;group&gt;</string>
		</dict>
		<key>66C12A7E1CE966F8001D85FA</key>
		<dict>
			<key>fileEncoding</key>
			<string>4</string>
			<key>isa</key>
			<string>PBXFileReference</string>
			<key>lastKnownFileType</key>
			<string>sourcecode.c.objc</string>
			<key>path</key>
			<string>HomeViewController.m</string>
			<key>sourceTree</key>
			<string>&lt;group&gt;</string>
		</dict>
		<key>66C12A7F1CE966F8001D85FA</key>
		<dict>
			<key>fileRef</key>
			<string>66C12A7E1CE966F8001D85FA</string>
			<key>isa</key>
			<string>PBXBuildFile</string>
		</dict>
		<key>66C12A801CE96714001D85FA</key>
		<dict>
			<key>fileEncoding</key>
			<string>4</string>
			<key>isa</key>
			<string>PBXFileReference</string>
			<key>lastKnownFileType</key>
			<string>sourcecode.c.h</string>
			<key>path</key>
			<string>DiscoverViewController.h</string>
			<key>sourceTree</key>
			<string>&lt;group&gt;</string>
		</dict>
		<key>66C12A811CE96714001D85FA</key>
		<dict>
			<key>fileEncoding</key>
			<string>4</string>
			<key>isa</key>
			<string>PBXFileReference</string>
			<key>lastKnownFileType</key>
			<string>sourcecode.c.objc</string>
			<key>path</key>
			<string>DiscoverViewController.m</string>
			<key>sourceTree</key>
			<string>&lt;group&gt;</string>
		</dict>
		<key>66C12A821CE96714001D85FA</key>
		<dict>
			<key>fileRef</key>
			<string>66C12A811CE96714001D85FA</string>
			<key>isa</key>
			<string>PBXBuildFile</string>
		</dict>
		<key>66C12A831CE96725001D85FA</key>
		<dict>
			<key>fileEncoding</key>
			<string>4</string>
			<key>isa</key>
			<string>PBXFileReference</string>
			<key>lastKnownFileType</key>
			<string>sourcecode.c.h</string>
			<key>path</key>
			<string>MessageViewController.h</string>
			<key>sourceTree</key>
			<string>&lt;group&gt;</string>
		</dict>
		<key>66C12A841CE96725001D85FA</key>
		<dict>
			<key>fileEncoding</key>
			<string>4</string>
			<key>isa</key>
			<string>PBXFileReference</string>
			<key>lastKnownFileType</key>
			<string>sourcecode.c.objc</string>
			<key>path</key>
			<string>MessageViewController.m</string>
			<key>sourceTree</key>
			<string>&lt;group&gt;</string>
		</dict>
		<key>66C12A851CE96725001D85FA</key>
		<dict>
			<key>fileRef</key>
			<string>66C12A841CE96725001D85FA</string>
			<key>isa</key>
			<string>PBXBuildFile</string>
		</dict>
		<key>66C12A861CE96739001D85FA</key>
		<dict>
			<key>fileEncoding</key>
			<string>4</string>
			<key>isa</key>
			<string>PBXFileReference</string>
			<key>lastKnownFileType</key>
			<string>sourcecode.c.h</string>
			<key>path</key>
			<string>ProfileViewController.h</string>
			<key>sourceTree</key>
			<string>&lt;group&gt;</string>
		</dict>
		<key>66C12A871CE96739001D85FA</key>
		<dict>
			<key>fileEncoding</key>
			<string>4</string>
			<key>isa</key>
			<string>PBXFileReference</string>
			<key>lastKnownFileType</key>
			<string>sourcecode.c.objc</string>
			<key>path</key>
			<string>ProfileViewController.m</string>
			<key>sourceTree</key>
			<string>&lt;group&gt;</string>
		</dict>
		<key>66C12A881CE96739001D85FA</key>
		<dict>
			<key>fileRef</key>
			<string>66C12A871CE96739001D85FA</string>
			<key>isa</key>
			<string>PBXBuildFile</string>
		</dict>
		<key>66C12A891CE96AA4001D85FA</key>
		<dict>
			<key>fileEncoding</key>
			<string>4</string>
			<key>isa</key>
			<string>PBXFileReference</string>
			<key>lastKnownFileType</key>
			<string>sourcecode.c.h</string>
			<key>path</key>
			<string>PrefixHeader.pch</string>
			<key>sourceTree</key>
			<string>&lt;group&gt;</string>
		</dict>
		<key>66C30C2C1CF533A1007D9DBD</key>
		<dict>
			<key>fileEncoding</key>
			<string>4</string>
			<key>isa</key>
			<string>PBXFileReference</string>
			<key>lastKnownFileType</key>
			<string>sourcecode.c.h</string>
			<key>path</key>
			<string>WSDropdownMenu.h</string>
			<key>sourceTree</key>
			<string>&lt;group&gt;</string>
		</dict>
		<key>66C30C2D1CF533A1007D9DBD</key>
		<dict>
			<key>fileEncoding</key>
			<string>4</string>
			<key>isa</key>
			<string>PBXFileReference</string>
			<key>lastKnownFileType</key>
			<string>sourcecode.c.objc</string>
			<key>path</key>
			<string>WSDropdownMenu.m</string>
			<key>sourceTree</key>
			<string>&lt;group&gt;</string>
		</dict>
		<key>66C30C2E1CF533A1007D9DBD</key>
		<dict>
			<key>fileRef</key>
			<string>66C30C2D1CF533A1007D9DBD</string>
			<key>isa</key>
			<string>PBXBuildFile</string>
		</dict>
		<key>66C30C321CF57B4E007D9DBD</key>
		<dict>
			<key>fileEncoding</key>
			<string>4</string>
			<key>isa</key>
			<string>PBXFileReference</string>
			<key>lastKnownFileType</key>
			<string>sourcecode.c.h</string>
			<key>path</key>
			<string>DropTableVC.h</string>
			<key>sourceTree</key>
			<string>&lt;group&gt;</string>
		</dict>
		<key>66C30C331CF57B4E007D9DBD</key>
		<dict>
			<key>fileEncoding</key>
			<string>4</string>
			<key>isa</key>
			<string>PBXFileReference</string>
			<key>lastKnownFileType</key>
			<string>sourcecode.c.objc</string>
			<key>path</key>
			<string>DropTableVC.m</string>
			<key>sourceTree</key>
			<string>&lt;group&gt;</string>
		</dict>
		<key>66C30C341CF57B4E007D9DBD</key>
		<dict>
			<key>fileRef</key>
			<string>66C30C331CF57B4E007D9DBD</string>
			<key>isa</key>
			<string>PBXBuildFile</string>
		</dict>
		<key>66CA4B171CF68B2800B6BADB</key>
		<dict>
			<key>fileEncoding</key>
			<string>4</string>
			<key>isa</key>
			<string>PBXFileReference</string>
			<key>lastKnownFileType</key>
			<string>sourcecode.c.h</string>
			<key>name</key>
			<string>WSTabBar.h</string>
			<key>path</key>
			<string>Weibo/Class/Scenes/Home/ViewController/WSTabBar.h</string>
			<key>sourceTree</key>
			<string>SOURCE_ROOT</string>
		</dict>
		<key>66CA4B181CF68B2800B6BADB</key>
		<dict>
			<key>fileEncoding</key>
			<string>4</string>
			<key>isa</key>
			<string>PBXFileReference</string>
			<key>lastKnownFileType</key>
			<string>sourcecode.c.objc</string>
			<key>name</key>
			<string>WSTabBar.m</string>
			<key>path</key>
			<string>Weibo/Class/Scenes/Home/ViewController/WSTabBar.m</string>
			<key>sourceTree</key>
			<string>SOURCE_ROOT</string>
		</dict>
		<key>66CA4B191CF68B2800B6BADB</key>
		<dict>
			<key>fileRef</key>
			<string>66CA4B181CF68B2800B6BADB</string>
			<key>isa</key>
			<string>PBXBuildFile</string>
		</dict>
		<key>66CA4B1A1CF6C68400B6BADB</key>
		<dict>
			<key>children</key>
			<array>
				<string>66CA4B1B1CF6C68400B6BADB</string>
			</array>
			<key>isa</key>
			<string>PBXGroup</string>
			<key>path</key>
			<string>NewFeature</string>
			<key>sourceTree</key>
			<string>&lt;group&gt;</string>
		</dict>
		<key>66CA4B1B1CF6C68400B6BADB</key>
		<dict>
			<key>children</key>
			<array>
				<string>66CA4B1C1CF6C6A700B6BADB</string>
				<string>66CA4B1D1CF6C6A700B6BADB</string>
			</array>
			<key>isa</key>
			<string>PBXGroup</string>
			<key>path</key>
			<string>ViewController</string>
			<key>sourceTree</key>
			<string>&lt;group&gt;</string>
		</dict>
		<key>66CA4B1C1CF6C6A700B6BADB</key>
		<dict>
			<key>fileEncoding</key>
			<string>4</string>
			<key>isa</key>
			<string>PBXFileReference</string>
			<key>lastKnownFileType</key>
			<string>sourcecode.c.h</string>
			<key>path</key>
			<string>WSNewFeatureViewController.h</string>
			<key>sourceTree</key>
			<string>&lt;group&gt;</string>
		</dict>
		<key>66CA4B1D1CF6C6A700B6BADB</key>
		<dict>
			<key>fileEncoding</key>
			<string>4</string>
			<key>isa</key>
			<string>PBXFileReference</string>
			<key>lastKnownFileType</key>
			<string>sourcecode.c.objc</string>
			<key>path</key>
			<string>WSNewFeatureViewController.m</string>
			<key>sourceTree</key>
			<string>&lt;group&gt;</string>
		</dict>
		<key>66CA4B1E1CF6C6A700B6BADB</key>
		<dict>
			<key>fileRef</key>
			<string>66CA4B1D1CF6C6A700B6BADB</string>
			<key>isa</key>
			<string>PBXBuildFile</string>
		</dict>
		<key>66CA4B1F1CF6F2D600B6BADB</key>
		<dict>
			<key>children</key>
			<array>
				<string>66CA4B201CF6F2D600B6BADB</string>
			</array>
			<key>isa</key>
			<string>PBXGroup</string>
			<key>path</key>
			<string>OAuth</string>
			<key>sourceTree</key>
			<string>&lt;group&gt;</string>
		</dict>
		<key>66CA4B201CF6F2D600B6BADB</key>
		<dict>
			<key>children</key>
			<array>
				<string>66CA4B211CF6F2F100B6BADB</string>
				<string>66CA4B221CF6F2F100B6BADB</string>
			</array>
			<key>isa</key>
			<string>PBXGroup</string>
			<key>path</key>
			<string>ViewController</string>
			<key>sourceTree</key>
			<string>&lt;group&gt;</string>
		</dict>
		<key>66CA4B211CF6F2F100B6BADB</key>
		<dict>
			<key>fileEncoding</key>
			<string>4</string>
			<key>isa</key>
			<string>PBXFileReference</string>
			<key>lastKnownFileType</key>
			<string>sourcecode.c.h</string>
			<key>path</key>
			<string>OAuthViewController.h</string>
			<key>sourceTree</key>
			<string>&lt;group&gt;</string>
		</dict>
		<key>66CA4B221CF6F2F100B6BADB</key>
		<dict>
			<key>fileEncoding</key>
			<string>4</string>
			<key>isa</key>
			<string>PBXFileReference</string>
			<key>lastKnownFileType</key>
			<string>sourcecode.c.objc</string>
			<key>path</key>
			<string>OAuthViewController.m</string>
			<key>sourceTree</key>
			<string>&lt;group&gt;</string>
		</dict>
		<key>66CA4B231CF6F2F100B6BADB</key>
		<dict>
			<key>fileRef</key>
			<string>66CA4B221CF6F2F100B6BADB</string>
			<key>isa</key>
			<string>PBXBuildFile</string>
		</dict>
		<key>8B4D57B8051881D35A651FBE</key>
		<dict>
			<key>includeInIndex</key>
			<string>1</string>
			<key>isa</key>
			<string>PBXFileReference</string>
			<key>lastKnownFileType</key>
			<string>text.xcconfig</string>
			<key>name</key>
			<string>Pods.release.xcconfig</string>
			<key>path</key>
			<string>Pods/Target Support Files/Pods/Pods.release.xcconfig</string>
			<key>sourceTree</key>
			<string>&lt;group&gt;</string>
		</dict>
		<key>A8D79D9E174762FC0E1405CA</key>
		<dict>
			<key>buildActionMask</key>
			<string>2147483647</string>
			<key>files</key>
			<array/>
			<key>inputPaths</key>
			<array/>
			<key>isa</key>
			<string>PBXShellScriptBuildPhase</string>
			<key>name</key>
			<string>Check Pods Manifest.lock</string>
			<key>outputPaths</key>
			<array/>
			<key>runOnlyForDeploymentPostprocessing</key>
			<string>0</string>
			<key>shellPath</key>
			<string>/bin/sh</string>
			<key>shellScript</key>
			<string>diff "${PODS_ROOT}/../Podfile.lock" "${PODS_ROOT}/Manifest.lock" &gt; /dev/null
if [[ $? != 0 ]] ; then
    cat &lt;&lt; EOM
error: The sandbox is not in sync with the Podfile.lock. Run 'pod install' or update your CocoaPods installation.
EOM
    exit 1
fi
</string>
			<key>showEnvVarsInLog</key>
			<string>0</string>
		</dict>
		<key>CF518E812D4ABCBA6C8CB38E</key>
		<dict>
			<key>children</key>
			<array>
				<string>E5F5CCC83A939711EFB94508</string>
			</array>
			<key>isa</key>
			<string>PBXGroup</string>
			<key>name</key>
			<string>Frameworks</string>
			<key>sourceTree</key>
			<string>&lt;group&gt;</string>
		</dict>
		<key>E5F5CCC83A939711EFB94508</key>
		<dict>
			<key>explicitFileType</key>
			<string>archive.ar</string>
			<key>includeInIndex</key>
			<string>0</string>
			<key>isa</key>
			<string>PBXFileReference</string>
			<key>path</key>
			<string>libPods.a</string>
			<key>sourceTree</key>
			<string>BUILT_PRODUCTS_DIR</string>
		</dict>
	</dict>
	<key>rootObject</key>
	<string>66C12A181CE95B20001D85FA</string>
</dict>
</plist>
